
Microsoft Visual Studio Solution File, Format Version 12.00
# Visual Studio Version 16
VisualStudioVersion = 16.0.30320.27
MinimumVisualStudioVersion = 10.0.40219.1
Project("{9A19103F-16F7-4668-BE54-9A1E7A4F7556}") = "Mafia", "MafiaConsole\Mafia.csproj", "{EE510E15-10B7-4639-B81D-4B39AA14B6D0}"
EndProject
Project("{9A19103F-16F7-4668-BE54-9A1E7A4F7556}") = "Mafia.Core", "Mafia.Core\Mafia.Core.csproj", "{2B4E1DC2-6E2A-4D7E-8270-51CDDF3E9EE7}"
EndProject
Project("{FAE04EC0-301F-11D3-BF4B-00C04F79EFBC}") = "Mafia.Core.Test", "Mafia.Core.Test\Mafia.Core.Test.csproj", "{3E2AC674-E49C-4E35-9E1E-5414A9C1712A}"
	ProjectSection(ProjectDependencies) = postProject
		{2B4E1DC2-6E2A-4D7E-8270-51CDDF3E9EE7} = {2B4E1DC2-6E2A-4D7E-8270-51CDDF3E9EE7}
	EndProjectSection
EndProject
Global
	GlobalSection(SolutionConfigurationPlatforms) = preSolution
		Debug|Any CPU = Debug|Any CPU
		Release|Any CPU = Release|Any CPU
	EndGlobalSection
	GlobalSection(ProjectConfigurationPlatforms) = postSolution
		{EE510E15-10B7-4639-B81D-4B39AA14B6D0}.Debug|Any CPU.ActiveCfg = Debug|Any CPU
		{EE510E15-10B7-4639-B81D-4B39AA14B6D0}.Debug|Any CPU.Build.0 = Debug|Any CPU
		{EE510E15-10B7-4639-B81D-4B39AA14B6D0}.Release|Any CPU.ActiveCfg = Release|Any CPU
		{EE510E15-10B7-4639-B81D-4B39AA14B6D0}.Release|Any CPU.Build.0 = Release|Any CPU
		{2B4E1DC2-6E2A-4D7E-8270-51CDDF3E9EE7}.Debug|Any CPU.ActiveCfg = Debug|Any CPU
		{2B4E1DC2-6E2A-4D7E-8270-51CDDF3E9EE7}.Debug|Any CPU.Build.0 = Debug|Any CPU
		{2B4E1DC2-6E2A-4D7E-8270-51CDDF3E9EE7}.Release|Any CPU.ActiveCfg = Release|Any CPU
		{2B4E1DC2-6E2A-4D7E-8270-51CDDF3E9EE7}.Release|Any CPU.Build.0 = Release|Any CPU
		{3E2AC674-E49C-4E35-9E1E-5414A9C1712A}.Debug|Any CPU.ActiveCfg = Debug|Any CPU
		{3E2AC674-E49C-4E35-9E1E-5414A9C1712A}.Debug|Any CPU.Build.0 = Debug|Any CPU
		{3E2AC674-E49C-4E35-9E1E-5414A9C1712A}.Release|Any CPU.ActiveCfg = Release|Any CPU
		{3E2AC674-E49C-4E35-9E1E-5414A9C1712A}.Release|Any CPU.Build.0 = Release|Any CPU
	EndGlobalSection
	GlobalSection(SolutionProperties) = preSolution
		HideSolutionNode = FALSE
	EndGlobalSection
	GlobalSection(ExtensibilityGlobals) = postSolution
		SolutionGuid = {62442DA0-92AC-4873-AECB-FA556C335AE8}
	EndGlobalSection
EndGlobal
